
Microsoft Visual Studio Solution File, Format Version 12.00
# Visual Studio Version 17
VisualStudioVersion = 17.11.35312.102
MinimumVisualStudioVersion = 10.0.40219.1
Project("{FAE04EC0-301F-11D3-BF4B-00C04F79EFBC}") = "Dice Game App", "Dice Game App.csproj", "{41F0C75B-A80B-41C2-8639-8B38B5C1FF48}"
EndProject
Global
	GlobalSection(SolutionConfigurationPlatforms) = preSolution
		Debug|Any CPU = Debug|Any CPU
		Release|Any CPU = Release|Any CPU
	EndGlobalSection
	GlobalSection(ProjectConfigurationPlatforms) = postSolution
		{41F0C75B-A80B-41C2-8639-8B38B5C1FF48}.Debug|Any CPU.ActiveCfg = Debug|Any CPU
		{41F0C75B-A80B-41C2-8639-8B38B5C1FF48}.Debug|Any CPU.Build.0 = Debug|Any CPU
		{41F0C75B-A80B-41C2-8639-8B38B5C1FF48}.Release|Any CPU.ActiveCfg = Release|Any CPU
		{41F0C75B-A80B-41C2-8639-8B38B5C1FF48}.Release|Any CPU.Build.0 = Release|Any CPU
	EndGlobalSection
	GlobalSection(SolutionProperties) = preSolution
		HideSolutionNode = FALSE
	EndGlobalSection
	GlobalSection(ExtensibilityGlobals) = postSolution
		SolutionGuid = {D543B111-E040-4154-9489-8CF4F8105950}
	EndGlobalSection
EndGlobal
